
Microsoft Visual Studio Solution File, Format Version 12.00
# Visual Studio Version 17
VisualStudioVersion = 17.5.33530.505
MinimumVisualStudioVersion = 10.0.40219.1
Project("{FAE04EC0-301F-11D3-BF4B-00C04F79EFBC}") = "NameSorter", "NameSorter\NameSorter.csproj", "{7A51BE3C-3FE8-441A-8C17-8EC3703F9EFE}"
EndProject
Global
	GlobalSection(SolutionConfigurationPlatforms) = preSolution
		Debug|Any CPU = Debug|Any CPU
		Release|Any CPU = Release|Any CPU
	EndGlobalSection
	GlobalSection(ProjectConfigurationPlatforms) = postSolution
		{7A51BE3C-3FE8-441A-8C17-8EC3703F9EFE}.Debug|Any CPU.ActiveCfg = Debug|Any CPU
		{7A51BE3C-3FE8-441A-8C17-8EC3703F9EFE}.Debug|Any CPU.Build.0 = Debug|Any CPU
		{7A51BE3C-3FE8-441A-8C17-8EC3703F9EFE}.Release|Any CPU.ActiveCfg = Release|Any CPU
		{7A51BE3C-3FE8-441A-8C17-8EC3703F9EFE}.Release|Any CPU.Build.0 = Release|Any CPU
	EndGlobalSection
	GlobalSection(SolutionProperties) = preSolution
		HideSolutionNode = FALSE
	EndGlobalSection
	GlobalSection(ExtensibilityGlobals) = postSolution
		SolutionGuid = {A680041F-9975-44B7-ACB5-088C682E4BCA}
	EndGlobalSection
EndGlobal
